// !$*UTF8*$!
{
	archiveVersion = 1;
	classes = {
	};
	objectVersion = 46;
	objects = {

/* Begin PBXBuildFile section */
		48DFE765183C0B6A00709FC2 /* Foundation.framework in Frameworks */ = {isa = PBXBuildFile; fileRef = 48DFE764183C0B6A00709FC2 /* Foundation.framework */; };
		48DFE768183C0B6A00709FC2 /* main.m in Sources */ = {isa = PBXBuildFile; fileRef = 48DFE767183C0B6A00709FC2 /* main.m */; };
		48DFE76C183C0B6A00709FC2 /* _0__Riemann_Zeta.1 in CopyFiles */ = {isa = PBXBuildFile; fileRef = 48DFE76B183C0B6A00709FC2 /* _0__Riemann_Zeta.1 */; };
/* End PBXBuildFile section */

/* Begin PBXCopyFilesBuildPhase section */
		48DFE75F183C0B6A00709FC2 /* CopyFiles */ = {
			isa = PBXCopyFilesBuildPhase;
			buildActionMask = 2147483647;
			dstPath = /usr/share/man/man1/;
			dstSubfolderSpec = 0;
			files = (
				48DFE76C183C0B6A00709FC2 /* _0__Riemann_Zeta.1 in CopyFiles */,
			);
			runOnlyForDeploymentPostprocessing = 1;
		};
/* End PBXCopyFilesBuildPhase section */

/* Begin PBXFileReference section */
		48DFE761183C0B6A00709FC2 /* 20. Riemann Zeta */ = {isa = PBXFileReference; explicitFileType = "compiled.mach-o.executable"; includeInIndex = 0; path = "20. Riemann Zeta"; sourceTree = BUILT_PRODUCTS_DIR; };
		48DFE764183C0B6A00709FC2 /* Foundation.framework */ = {isa = PBXFileReference; lastKnownFileType = wrapper.framework; name = Foundation.framework; path = System/Library/Frameworks/Foundation.framework; sourceTree = SDKROOT; };
		48DFE767183C0B6A00709FC2 /* main.m */ = {isa = PBXFileReference; lastKnownFileType = sourcecode.c.objc; path = main.m; sourceTree = "<group>"; };
		48DFE76A183C0B6A00709FC2 /* 20. Riemann Zeta-Prefix.pch */ = {isa = PBXFileReference; lastKnownFileType = sourcecode.c.h; path = "20. Riemann Zeta-Prefix.pch"; sourceTree = "<group>"; };
		48DFE76B183C0B6A00709FC2 /* _0__Riemann_Zeta.1 */ = {isa = PBXFileReference; lastKnownFileType = text.man; path = _0__Riemann_Zeta.1; sourceTree = "<group>"; };
/* End PBXFileReference section */

/* Begin PBXFrameworksBuildPhase section */
		48DFE75E183C0B6A00709FC2 /* Frameworks */ = {
			isa = PBXFrameworksBuildPhase;
			buildActionMask = 2147483647;
			files = (
				48DFE765183C0B6A00709FC2 /* Foundation.framework in Frameworks */,
			);
			runOnlyForDeploymentPostprocessing = 0;
		};
/* End PBXFrameworksBuildPhase section */

/* Begin PBXGroup section */
		48DFE758183C0B6A00709FC2 = {
			isa = PBXGroup;
			children = (
				48DFE766183C0B6A00709FC2 /* 20. Riemann Zeta */,
				48DFE763183C0B6A00709FC2 /* Frameworks */,
				48DFE762183C0B6A00709FC2 /* Products */,
			);
			sourceTree = "<group>";
		};
		48DFE762183C0B6A00709FC2 /* Products */ = {
			isa = PBXGroup;
			children = (
				48DFE761183C0B6A00709FC2 /* 20. Riemann Zeta */,
			);
			name = Products;
			sourceTree = "<group>";
		};
		48DFE763183C0B6A00709FC2 /* Frameworks */ = {
			isa = PBXGroup;
			children = (
				48DFE764183C0B6A00709FC2 /* Foundation.framework */,
			);
			name = Frameworks;
			sourceTree = "<group>";
		};
		48DFE766183C0B6A00709FC2 /* 20. Riemann Zeta */ = {
			isa = PBXGroup;
			children = (
				48DFE767183C0B6A00709FC2 /* main.m */,
				48DFE76B183C0B6A00709FC2 /* _0__Riemann_Zeta.1 */,
				48DFE769183C0B6A00709FC2 /* Supporting Files */,
			);
			path = "20. Riemann Zeta";
			sourceTree = "<group>";
		};
		48DFE769183C0B6A00709FC2 /* Supporting Files */ = {
			isa = PBXGroup;
			children = (
				48DFE76A183C0B6A00709FC2 /* 20. Riemann Zeta-Prefix.pch */,
			);
			name = "Supporting Files";
			sourceTree = "<group>";
		};
/* End PBXGroup section */

/* Begin PBXNativeTarget section */
		48DFE760183C0B6A00709FC2 /* 20. Riemann Zeta */ = {
			isa = PBXNativeTarget;
			buildConfigurationList = 48DFE76F183C0B6A00709FC2 /* Build configuration list for PBXNativeTarget "20. Riemann Zeta" */;
			buildPhases = (
				48DFE75D183C0B6A00709FC2 /* Sources */,
				48DFE75E183C0B6A00709FC2 /* Frameworks */,
				48DFE75F183C0B6A00709FC2 /* CopyFiles */,
			);
			buildRules = (
			);
			dependencies = (
			);
			name = "20. Riemann Zeta";
			productName = "20. Riemann Zeta";
			productReference = 48DFE761183C0B6A00709FC2 /* 20. Riemann Zeta */;
			productType = "com.apple.product-type.tool";
		};
/* End PBXNativeTarget section */

/* Begin PBXProject section */
		48DFE759183C0B6A00709FC2 /* Project object */ = {
			isa = PBXProject;
			attributes = {
				LastUpgradeCheck = 0460;
				ORGANIZATIONNAME = TurnToTech;
			};
			buildConfigurationList = 48DFE75C183C0B6A00709FC2 /* Build configuration list for PBXProject "20. Riemann Zeta" */;
			compatibilityVersion = "Xcode 3.2";
			developmentRegion = English;
			hasScannedForEncodings = 0;
			knownRegions = (
				en,
			);
			mainGroup = 48DFE758183C0B6A00709FC2;
			productRefGroup = 48DFE762183C0B6A00709FC2 /* Products */;
			projectDirPath = "";
			projectRoot = "";
			targets = (
				48DFE760183C0B6A00709FC2 /* 20. Riemann Zeta */,
			);
		};
/* End PBXProject section */

/* Begin PBXSourcesBuildPhase section */
		48DFE75D183C0B6A00709FC2 /* Sources */ = {
			isa = PBXSourcesBuildPhase;
			buildActionMask = 2147483647;
			files = (
				48DFE768183C0B6A00709FC2 /* main.m in Sources */,
			);
			runOnlyForDeploymentPostprocessing = 0;
		};
/* End PBXSourcesBuildPhase section */

/* Begin XCBuildConfiguration section */
		48DFE76D183C0B6A00709FC2 /* Debug */ = {
			isa = XCBuildConfiguration;
			buildSettings = {
				ALWAYS_SEARCH_USER_PATHS = NO;
				ARCHS = "$(ARCHS_STANDARD_64_BIT)";
				CLANG_CXX_LANGUAGE_STANDARD = "gnu++0x";
				CLANG_CXX_LIBRARY = "libc++";
				CLANG_WARN_CONSTANT_CONVERSION = YES;
				CLANG_WARN_EMPTY_BODY = YES;
				CLANG_WARN_ENUM_CONVERSION = YES;
				CLANG_WARN_INT_CONVERSION = YES;
				CLANG_WARN__DUPLICATE_METHOD_MATCH = YES;
				COPY_PHASE_STRIP = NO;
				GCC_C_LANGUAGE_STANDARD = gnu99;
				GCC_DYNAMIC_NO_PIC = NO;
				GCC_ENABLE_OBJC_EXCEPTIONS = YES;
				GCC_OPTIMIZATION_LEVEL = 0;
				GCC_PREPROCESSOR_DEFINITIONS = (
					"DEBUG=1",
					"$(inherited)",
				);
				GCC_SYMBOLS_PRIVATE_EXTERN = NO;
				GCC_WARN_64_TO_32_BIT_CONVERSION = YES;
				GCC_WARN_ABOUT_RETURN_TYPE = YES;
				GCC_WARN_UNINITIALIZED_AUTOS = YES;
				GCC_WARN_UNUSED_VARIABLE = YES;
				MACOSX_DEPLOYMENT_TARGET = 10.8;
				ONLY_ACTIVE_ARCH = YES;
				SDKROOT = macosx;
			};
			name = Debug;
		};
		48DFE76E183C0B6A00709FC2 /* Release */ = {
			isa = XCBuildConfiguration;
			buildSettings = {
				ALWAYS_SEARCH_USER_PATHS = NO;
				ARCHS = "$(ARCHS_STANDARD_64_BIT)";
				CLANG_CXX_LANGUAGE_STANDARD = "gnu++0x";
				CLANG_CXX_LIBRARY = "libc++";
				CLANG_WARN_CONSTANT_CONVERSION = YES;
				CLANG_WARN_EMPTY_BODY = YES;
				CLANG_WARN_ENUM_CONVERSION = YES;
				CLANG_WARN_INT_CONVERSION = YES;
				CLANG_WARN__DUPLICATE_METHOD_MATCH = YES;
				COPY_PHASE_STRIP = YES;
				DEBUG_INFORMATION_FORMAT = "dwarf-with-dsym";
				GCC_C_LANGUAGE_STANDARD = gnu99;
				GCC_ENABLE_OBJC_EXCEPTIONS = YES;
				GCC_WARN_64_TO_32_BIT_CONVERSION = YES;
				GCC_WARN_ABOUT_RETURN_TYPE = YES;
				GCC_WARN_UNINITIALIZED_AUTOS = YES;
				GCC_WARN_UNUSED_VARIABLE = YES;
				MACOSX_DEPLOYMENT_TARGET = 10.8;
				SDKROOT = macosx;
			};
			name = Release;
		};
		48DFE770183C0B6A00709FC2 /* Debug */ = {
			isa = XCBuildConfiguration;
			buildSettings = {
				GCC_PRECOMPILE_PREFIX_HEADER = YES;
				GCC_PREFIX_HEADER = "20. Riemann Zeta/20. Riemann Zeta-Prefix.pch";
				PRODUCT_NAME = "$(TARGET_NAME)";
			};
			name = Debug;
		};
		48DFE771183C0B6A00709FC2 /* Release */ = {
			isa = XCBuildConfiguration;
			buildSettings = {
				GCC_PRECOMPILE_PREFIX_HEADER = YES;
				GCC_PREFIX_HEADER = "20. Riemann Zeta/20. Riemann Zeta-Prefix.pch";
				PRODUCT_NAME = "$(TARGET_NAME)";
			};
			name = Release;
		};
/* End XCBuildConfiguration section */

/* Begin XCConfigurationList section */
		48DFE75C183C0B6A00709FC2 /* Build configuration list for PBXProject "20. Riemann Zeta" */ = {
			isa = XCConfigurationList;
			buildConfigurations = (
				48DFE76D183C0B6A00709FC2 /* Debug */,
				48DFE76E183C0B6A00709FC2 /* Release */,
			);
			defaultConfigurationIsVisible = 0;
			defaultConfigurationName = Release;
		};
		48DFE76F183C0B6A00709FC2 /* Build configuration list for PBXNativeTarget "20. Riemann Zeta" */ = {
			isa = XCConfigurationList;
			buildConfigurations = (
				48DFE770183C0B6A00709FC2 /* Debug */,
				48DFE771183C0B6A00709FC2 /* Release */,
			);
			defaultConfigurationIsVisible = 0;
		};
/* End XCConfigurationList section */
	};
	rootObject = 48DFE759183C0B6A00709FC2 /* Project object */;
}
