// !$*UTF8*$!
{
	archiveVersion = 1;
	classes = {
	};
	objectVersion = 46;
	objects = {

/* Begin PBXBuildFile section */
		48DFE77F183C136700709FC2 /* Foundation.framework in Frameworks */ = {isa = PBXBuildFile; fileRef = 48DFE77E183C136700709FC2 /* Foundation.framework */; };
		48DFE782183C136700709FC2 /* main.m in Sources */ = {isa = PBXBuildFile; fileRef = 48DFE781183C136700709FC2 /* main.m */; };
		48DFE786183C136700709FC2 /* _1__Riemann_Zeta_PI.1 in CopyFiles */ = {isa = PBXBuildFile; fileRef = 48DFE785183C136700709FC2 /* _1__Riemann_Zeta_PI.1 */; };
/* End PBXBuildFile section */

/* Begin PBXCopyFilesBuildPhase section */
		48DFE779183C136700709FC2 /* CopyFiles */ = {
			isa = PBXCopyFilesBuildPhase;
			buildActionMask = 2147483647;
			dstPath = /usr/share/man/man1/;
			dstSubfolderSpec = 0;
			files = (
				48DFE786183C136700709FC2 /* _1__Riemann_Zeta_PI.1 in CopyFiles */,
			);
			runOnlyForDeploymentPostprocessing = 1;
		};
/* End PBXCopyFilesBuildPhase section */

/* Begin PBXFileReference section */
		48DFE77B183C136700709FC2 /* 21. Riemann Zeta PI */ = {isa = PBXFileReference; explicitFileType = "compiled.mach-o.executable"; includeInIndex = 0; path = "21. Riemann Zeta PI"; sourceTree = BUILT_PRODUCTS_DIR; };
		48DFE77E183C136700709FC2 /* Foundation.framework */ = {isa = PBXFileReference; lastKnownFileType = wrapper.framework; name = Foundation.framework; path = System/Library/Frameworks/Foundation.framework; sourceTree = SDKROOT; };
		48DFE781183C136700709FC2 /* main.m */ = {isa = PBXFileReference; lastKnownFileType = sourcecode.c.objc; path = main.m; sourceTree = "<group>"; };
		48DFE784183C136700709FC2 /* 21. Riemann Zeta PI-Prefix.pch */ = {isa = PBXFileReference; lastKnownFileType = sourcecode.c.h; path = "21. Riemann Zeta PI-Prefix.pch"; sourceTree = "<group>"; };
		48DFE785183C136700709FC2 /* _1__Riemann_Zeta_PI.1 */ = {isa = PBXFileReference; lastKnownFileType = text.man; path = _1__Riemann_Zeta_PI.1; sourceTree = "<group>"; };
/* End PBXFileReference section */

/* Begin PBXFrameworksBuildPhase section */
		48DFE778183C136700709FC2 /* Frameworks */ = {
			isa = PBXFrameworksBuildPhase;
			buildActionMask = 2147483647;
			files = (
				48DFE77F183C136700709FC2 /* Foundation.framework in Frameworks */,
			);
			runOnlyForDeploymentPostprocessing = 0;
		};
/* End PBXFrameworksBuildPhase section */

/* Begin PBXGroup section */
		48DFE772183C136700709FC2 = {
			isa = PBXGroup;
			children = (
				48DFE780183C136700709FC2 /* 21. Riemann Zeta PI */,
				48DFE77D183C136700709FC2 /* Frameworks */,
				48DFE77C183C136700709FC2 /* Products */,
			);
			sourceTree = "<group>";
		};
		48DFE77C183C136700709FC2 /* Products */ = {
			isa = PBXGroup;
			children = (
				48DFE77B183C136700709FC2 /* 21. Riemann Zeta PI */,
			);
			name = Products;
			sourceTree = "<group>";
		};
		48DFE77D183C136700709FC2 /* Frameworks */ = {
			isa = PBXGroup;
			children = (
				48DFE77E183C136700709FC2 /* Foundation.framework */,
			);
			name = Frameworks;
			sourceTree = "<group>";
		};
		48DFE780183C136700709FC2 /* 21. Riemann Zeta PI */ = {
			isa = PBXGroup;
			children = (
				48DFE781183C136700709FC2 /* main.m */,
				48DFE785183C136700709FC2 /* _1__Riemann_Zeta_PI.1 */,
				48DFE783183C136700709FC2 /* Supporting Files */,
			);
			path = "21. Riemann Zeta PI";
			sourceTree = "<group>";
		};
		48DFE783183C136700709FC2 /* Supporting Files */ = {
			isa = PBXGroup;
			children = (
				48DFE784183C136700709FC2 /* 21. Riemann Zeta PI-Prefix.pch */,
			);
			name = "Supporting Files";
			sourceTree = "<group>";
		};
/* End PBXGroup section */

/* Begin PBXNativeTarget section */
		48DFE77A183C136700709FC2 /* 21. Riemann Zeta PI */ = {
			isa = PBXNativeTarget;
			buildConfigurationList = 48DFE789183C136700709FC2 /* Build configuration list for PBXNativeTarget "21. Riemann Zeta PI" */;
			buildPhases = (
				48DFE777183C136700709FC2 /* Sources */,
				48DFE778183C136700709FC2 /* Frameworks */,
				48DFE779183C136700709FC2 /* CopyFiles */,
			);
			buildRules = (
			);
			dependencies = (
			);
			name = "21. Riemann Zeta PI";
			productName = "21. Riemann Zeta PI";
			productReference = 48DFE77B183C136700709FC2 /* 21. Riemann Zeta PI */;
			productType = "com.apple.product-type.tool";
		};
/* End PBXNativeTarget section */

/* Begin PBXProject section */
		48DFE773183C136700709FC2 /* Project object */ = {
			isa = PBXProject;
			attributes = {
				LastUpgradeCheck = 0460;
				ORGANIZATIONNAME = TurnToTech;
			};
			buildConfigurationList = 48DFE776183C136700709FC2 /* Build configuration list for PBXProject "21. Riemann Zeta PI" */;
			compatibilityVersion = "Xcode 3.2";
			developmentRegion = English;
			hasScannedForEncodings = 0;
			knownRegions = (
				en,
			);
			mainGroup = 48DFE772183C136700709FC2;
			productRefGroup = 48DFE77C183C136700709FC2 /* Products */;
			projectDirPath = "";
			projectRoot = "";
			targets = (
				48DFE77A183C136700709FC2 /* 21. Riemann Zeta PI */,
			);
		};
/* End PBXProject section */

/* Begin PBXSourcesBuildPhase section */
		48DFE777183C136700709FC2 /* Sources */ = {
			isa = PBXSourcesBuildPhase;
			buildActionMask = 2147483647;
			files = (
				48DFE782183C136700709FC2 /* main.m in Sources */,
			);
			runOnlyForDeploymentPostprocessing = 0;
		};
/* End PBXSourcesBuildPhase section */

/* Begin XCBuildConfiguration section */
		48DFE787183C136700709FC2 /* Debug */ = {
			isa = XCBuildConfiguration;
			buildSettings = {
				ALWAYS_SEARCH_USER_PATHS = NO;
				ARCHS = "$(ARCHS_STANDARD_64_BIT)";
				CLANG_CXX_LANGUAGE_STANDARD = "gnu++0x";
				CLANG_CXX_LIBRARY = "libc++";
				CLANG_WARN_CONSTANT_CONVERSION = YES;
				CLANG_WARN_EMPTY_BODY = YES;
				CLANG_WARN_ENUM_CONVERSION = YES;
				CLANG_WARN_INT_CONVERSION = YES;
				CLANG_WARN__DUPLICATE_METHOD_MATCH = YES;
				COPY_PHASE_STRIP = NO;
				GCC_C_LANGUAGE_STANDARD = gnu99;
				GCC_DYNAMIC_NO_PIC = NO;
				GCC_ENABLE_OBJC_EXCEPTIONS = YES;
				GCC_OPTIMIZATION_LEVEL = 0;
				GCC_PREPROCESSOR_DEFINITIONS = (
					"DEBUG=1",
					"$(inherited)",
				);
				GCC_SYMBOLS_PRIVATE_EXTERN = NO;
				GCC_WARN_64_TO_32_BIT_CONVERSION = YES;
				GCC_WARN_ABOUT_RETURN_TYPE = YES;
				GCC_WARN_UNINITIALIZED_AUTOS = YES;
				GCC_WARN_UNUSED_VARIABLE = YES;
				MACOSX_DEPLOYMENT_TARGET = 10.8;
				ONLY_ACTIVE_ARCH = YES;
				SDKROOT = macosx;
			};
			name = Debug;
		};
		48DFE788183C136700709FC2 /* Release */ = {
			isa = XCBuildConfiguration;
			buildSettings = {
				ALWAYS_SEARCH_USER_PATHS = NO;
				ARCHS = "$(ARCHS_STANDARD_64_BIT)";
				CLANG_CXX_LANGUAGE_STANDARD = "gnu++0x";
				CLANG_CXX_LIBRARY = "libc++";
				CLANG_WARN_CONSTANT_CONVERSION = YES;
				CLANG_WARN_EMPTY_BODY = YES;
				CLANG_WARN_ENUM_CONVERSION = YES;
				CLANG_WARN_INT_CONVERSION = YES;
				CLANG_WARN__DUPLICATE_METHOD_MATCH = YES;
				COPY_PHASE_STRIP = YES;
				DEBUG_INFORMATION_FORMAT = "dwarf-with-dsym";
				GCC_C_LANGUAGE_STANDARD = gnu99;
				GCC_ENABLE_OBJC_EXCEPTIONS = YES;
				GCC_WARN_64_TO_32_BIT_CONVERSION = YES;
				GCC_WARN_ABOUT_RETURN_TYPE = YES;
				GCC_WARN_UNINITIALIZED_AUTOS = YES;
				GCC_WARN_UNUSED_VARIABLE = YES;
				MACOSX_DEPLOYMENT_TARGET = 10.8;
				SDKROOT = macosx;
			};
			name = Release;
		};
		48DFE78A183C136700709FC2 /* Debug */ = {
			isa = XCBuildConfiguration;
			buildSettings = {
				GCC_PRECOMPILE_PREFIX_HEADER = YES;
				GCC_PREFIX_HEADER = "21. Riemann Zeta PI/21. Riemann Zeta PI-Prefix.pch";
				PRODUCT_NAME = "$(TARGET_NAME)";
			};
			name = Debug;
		};
		48DFE78B183C136700709FC2 /* Release */ = {
			isa = XCBuildConfiguration;
			buildSettings = {
				GCC_PRECOMPILE_PREFIX_HEADER = YES;
				GCC_PREFIX_HEADER = "21. Riemann Zeta PI/21. Riemann Zeta PI-Prefix.pch";
				PRODUCT_NAME = "$(TARGET_NAME)";
			};
			name = Release;
		};
/* End XCBuildConfiguration section */

/* Begin XCConfigurationList section */
		48DFE776183C136700709FC2 /* Build configuration list for PBXProject "21. Riemann Zeta PI" */ = {
			isa = XCConfigurationList;
			buildConfigurations = (
				48DFE787183C136700709FC2 /* Debug */,
				48DFE788183C136700709FC2 /* Release */,
			);
			defaultConfigurationIsVisible = 0;
			defaultConfigurationName = Release;
		};
		48DFE789183C136700709FC2 /* Build configuration list for PBXNativeTarget "21. Riemann Zeta PI" */ = {
			isa = XCConfigurationList;
			buildConfigurations = (
				48DFE78A183C136700709FC2 /* Debug */,
				48DFE78B183C136700709FC2 /* Release */,
			);
			defaultConfigurationIsVisible = 0;
		};
/* End XCConfigurationList section */
	};
	rootObject = 48DFE773183C136700709FC2 /* Project object */;
}
